
Microsoft Visual Studio Solution File, Format Version 11.00
# Visual Studio 2010 Express for Windows Phone
Project("{FAE04EC0-301F-11D3-BF4B-00C04F79EFBC}") = "readEnglish", "readEnglish\readEnglish.csproj", "{D9146940-01AB-49B2-8068-373236B76A6E}"
EndProject
Global
	GlobalSection(SolutionConfigurationPlatforms) = preSolution
		Debug|Any CPU = Debug|Any CPU
		Release|Any CPU = Release|Any CPU
	EndGlobalSection
	GlobalSection(ProjectConfigurationPlatforms) = postSolution
		{D9146940-01AB-49B2-8068-373236B76A6E}.Debug|Any CPU.ActiveCfg = Debug|Any CPU
		{D9146940-01AB-49B2-8068-373236B76A6E}.Debug|Any CPU.Build.0 = Debug|Any CPU
		{D9146940-01AB-49B2-8068-373236B76A6E}.Debug|Any CPU.Deploy.0 = Debug|Any CPU
		{D9146940-01AB-49B2-8068-373236B76A6E}.Release|Any CPU.ActiveCfg = Release|Any CPU
		{D9146940-01AB-49B2-8068-373236B76A6E}.Release|Any CPU.Build.0 = Release|Any CPU
		{D9146940-01AB-49B2-8068-373236B76A6E}.Release|Any CPU.Deploy.0 = Release|Any CPU
	EndGlobalSection
	GlobalSection(SolutionProperties) = preSolution
		HideSolutionNode = FALSE
	EndGlobalSection
EndGlobal
